Microsoft Visual Studio Solution File, Format Version 12.00
# Visual Studio Version 17
VisualStudioVersion = 17.5.2.0
MinimumVisualStudioVersion = 10.0.40219.1
Project("{2150E333-8FDC-42A3-9474-1A3956D46DE8}") = "BackupSVServerAMI", "BackupSVServerAMI", "{1FB37EBD-73C4-C9AC-A689-68547F9BC19E}"
EndProject
Project("{2150E333-8FDC-42A3-9474-1A3956D46DE8}") = "CleanOldImages", "CleanOldImages", "{61D82987-AA92-83F0-2E89-CFFFEE9FFBF9}"
EndProject
Project("{2150E333-8FDC-42A3-9474-1A3956D46DE8}") = "sv-DR-Test", "sv-DR-Test", "{CA138956-52F9-C110-E4FB-7668F66AEAA2}"
EndProject
Project("{2150E333-8FDC-42A3-9474-1A3956D46DE8}") = "src", "src", "{CED371C7-09DB-54C7-15C7-205D6FACC8AC}"
EndProject
Project("{FAE04EC0-301F-11D3-BF4B-00C04F79EFBC}") = "BackupSVServerAMI", "BackupSVServerAMI\src\BackupSVServerAMI\BackupSVServerAMI.csproj", "{37A4AE32-A6D9-4738-9686-69972E8DCAE0}"
EndProject
Project("{2150E333-8FDC-42A3-9474-1A3956D46DE8}") = "test", "test", "{03344FC3-AAF9-CBA0-69AD-0528CB5D66CD}"
EndProject
Project("{FAE04EC0-301F-11D3-BF4B-00C04F79EFBC}") = "BackupSVServerAMI.Tests", "BackupSVServerAMI\test\BackupServerAMI.Tests\BackupSVServerAMI.Tests.csproj", "{C30923D3-55CB-FBEA-A1C3-F79E0A82D30F}"
EndProject
Project("{2150E333-8FDC-42A3-9474-1A3956D46DE8}") = "src", "src", "{3680C5F3-0781-43BD-534C-990D0D7117BA}"
EndProject
Project("{FAE04EC0-301F-11D3-BF4B-00C04F79EFBC}") = "ScratchLambda", "CleanOldImages\src\ScratchLambda\ScratchLambda.csproj", "{F6E0419D-D4D5-B020-95AA-6925195FAFCD}"
EndProject
Project("{2150E333-8FDC-42A3-9474-1A3956D46DE8}") = "test", "test", "{6580ACBC-D5A0-DE97-42B0-41D499BEEE09}"
EndProject
Project("{FAE04EC0-301F-11D3-BF4B-00C04F79EFBC}") = "ScratchLambda.Tests", "CleanOldImages\test\ScratchLambda.Tests\ScratchLambda.Tests.csproj", "{4ECAAA03-F40D-7246-2820-463C6BA2A4C3}"
EndProject
Project("{2150E333-8FDC-42A3-9474-1A3956D46DE8}") = "src", "src", "{421F9E1B-AC7E-E6C7-A9FD-E278078DFF0D}"
EndProject
Project("{FAE04EC0-301F-11D3-BF4B-00C04F79EFBC}") = "HelloWorld", "sv-DR-Test\src\HelloWorld\HelloWorld.csproj", "{A6AEAACC-735A-DDAA-2E62-DD389E10E9E5}"
EndProject
Project("{2150E333-8FDC-42A3-9474-1A3956D46DE8}") = "test", "test", "{4E6CC8CE-1231-F038-9CF1-A4B8D87FFBEF}"
EndProject
Project("{FAE04EC0-301F-11D3-BF4B-00C04F79EFBC}") = "HelloWorld.Tests", "sv-DR-Test\test\HelloWorld.Test\HelloWorld.Tests.csproj", "{AC83703C-794A-CD38-CF26-4E409DCECA72}"
EndProject
Global
	GlobalSection(SolutionConfigurationPlatforms) = preSolution
		Debug|Any CPU = Debug|Any CPU
		Release|Any CPU = Release|Any CPU
	EndGlobalSection
	GlobalSection(ProjectConfigurationPlatforms) = postSolution
		{37A4AE32-A6D9-4738-9686-69972E8DCAE0}.Debug|Any CPU.ActiveCfg = Debug|Any CPU
		{37A4AE32-A6D9-4738-9686-69972E8DCAE0}.Debug|Any CPU.Build.0 = Debug|Any CPU
		{37A4AE32-A6D9-4738-9686-69972E8DCAE0}.Release|Any CPU.ActiveCfg = Release|Any CPU
		{37A4AE32-A6D9-4738-9686-69972E8DCAE0}.Release|Any CPU.Build.0 = Release|Any CPU
		{C30923D3-55CB-FBEA-A1C3-F79E0A82D30F}.Debug|Any CPU.ActiveCfg = Debug|Any CPU
		{C30923D3-55CB-FBEA-A1C3-F79E0A82D30F}.Debug|Any CPU.Build.0 = Debug|Any CPU
		{C30923D3-55CB-FBEA-A1C3-F79E0A82D30F}.Release|Any CPU.ActiveCfg = Release|Any CPU
		{C30923D3-55CB-FBEA-A1C3-F79E0A82D30F}.Release|Any CPU.Build.0 = Release|Any CPU
		{F6E0419D-D4D5-B020-95AA-6925195FAFCD}.Debug|Any CPU.ActiveCfg = Debug|Any CPU
		{F6E0419D-D4D5-B020-95AA-6925195FAFCD}.Debug|Any CPU.Build.0 = Debug|Any CPU
		{F6E0419D-D4D5-B020-95AA-6925195FAFCD}.Release|Any CPU.ActiveCfg = Release|Any CPU
		{F6E0419D-D4D5-B020-95AA-6925195FAFCD}.Release|Any CPU.Build.0 = Release|Any CPU
		{4ECAAA03-F40D-7246-2820-463C6BA2A4C3}.Debug|Any CPU.ActiveCfg = Debug|Any CPU
		{4ECAAA03-F40D-7246-2820-463C6BA2A4C3}.Debug|Any CPU.Build.0 = Debug|Any CPU
		{4ECAAA03-F40D-7246-2820-463C6BA2A4C3}.Release|Any CPU.ActiveCfg = Release|Any CPU
		{4ECAAA03-F40D-7246-2820-463C6BA2A4C3}.Release|Any CPU.Build.0 = Release|Any CPU
		{A6AEAACC-735A-DDAA-2E62-DD389E10E9E5}.Debug|Any CPU.ActiveCfg = Debug|Any CPU
		{A6AEAACC-735A-DDAA-2E62-DD389E10E9E5}.Debug|Any CPU.Build.0 = Debug|Any CPU
		{A6AEAACC-735A-DDAA-2E62-DD389E10E9E5}.Release|Any CPU.ActiveCfg = Release|Any CPU
		{A6AEAACC-735A-DDAA-2E62-DD389E10E9E5}.Release|Any CPU.Build.0 = Release|Any CPU
		{AC83703C-794A-CD38-CF26-4E409DCECA72}.Debug|Any CPU.ActiveCfg = Debug|Any CPU
		{AC83703C-794A-CD38-CF26-4E409DCECA72}.Debug|Any CPU.Build.0 = Debug|Any CPU
		{AC83703C-794A-CD38-CF26-4E409DCECA72}.Release|Any CPU.ActiveCfg = Release|Any CPU
		{AC83703C-794A-CD38-CF26-4E409DCECA72}.Release|Any CPU.Build.0 = Release|Any CPU
	EndGlobalSection
	GlobalSection(SolutionProperties) = preSolution
		HideSolutionNode = FALSE
	EndGlobalSection
	GlobalSection(NestedProjects) = preSolution
		{CED371C7-09DB-54C7-15C7-205D6FACC8AC} = {1FB37EBD-73C4-C9AC-A689-68547F9BC19E}
		{37A4AE32-A6D9-4738-9686-69972E8DCAE0} = {CED371C7-09DB-54C7-15C7-205D6FACC8AC}
		{03344FC3-AAF9-CBA0-69AD-0528CB5D66CD} = {1FB37EBD-73C4-C9AC-A689-68547F9BC19E}
		{C30923D3-55CB-FBEA-A1C3-F79E0A82D30F} = {03344FC3-AAF9-CBA0-69AD-0528CB5D66CD}
		{3680C5F3-0781-43BD-534C-990D0D7117BA} = {61D82987-AA92-83F0-2E89-CFFFEE9FFBF9}
		{F6E0419D-D4D5-B020-95AA-6925195FAFCD} = {3680C5F3-0781-43BD-534C-990D0D7117BA}
		{6580ACBC-D5A0-DE97-42B0-41D499BEEE09} = {61D82987-AA92-83F0-2E89-CFFFEE9FFBF9}
		{4ECAAA03-F40D-7246-2820-463C6BA2A4C3} = {6580ACBC-D5A0-DE97-42B0-41D499BEEE09}
		{421F9E1B-AC7E-E6C7-A9FD-E278078DFF0D} = {CA138956-52F9-C110-E4FB-7668F66AEAA2}
		{A6AEAACC-735A-DDAA-2E62-DD389E10E9E5} = {421F9E1B-AC7E-E6C7-A9FD-E278078DFF0D}
		{4E6CC8CE-1231-F038-9CF1-A4B8D87FFBEF} = {CA138956-52F9-C110-E4FB-7668F66AEAA2}
		{AC83703C-794A-CD38-CF26-4E409DCECA72} = {4E6CC8CE-1231-F038-9CF1-A4B8D87FFBEF}
	EndGlobalSection
	GlobalSection(ExtensibilityGlobals) = postSolution
		SolutionGuid = {36AD622A-402A-483A-81BE-3F598ACC50B4}
	EndGlobalSection
EndGlobal
